
Microsoft Visual Studio Solution File, Format Version 12.00
# Visual Studio Version 16
VisualStudioVersion = 16.0.29806.167
MinimumVisualStudioVersion = 10.0.40219.1
Project("{D954291E-2A0B-460D-934E-DC6B0785DB48}") = "UnoNavigationView_POC.Shared", "UnoNavigationView_POC\UnoNavigationView_POC.Shared\UnoNavigationView_POC.Shared.shproj", "{6279C845-92F8-4333-AB99-3D213163593C}"
EndProject
Project("{FAE04EC0-301F-11D3-BF4B-00C04F79EFBC}") = "UnoNavigationView_POC.Droid", "UnoNavigationView_POC\UnoNavigationView_POC.Droid\UnoNavigationView_POC.Droid.csproj", "{1282B23E-C2F1-4654-A849-CB427839BC2B}"
EndProject
Project("{FAE04EC0-301F-11D3-BF4B-00C04F79EFBC}") = "UnoNavigationView_POC.iOS", "UnoNavigationView_POC\UnoNavigationView_POC.iOS\UnoNavigationView_POC.iOS.csproj", "{35DA9FDF-1E2F-4FEF-8C0C-EA41EC070A7A}"
EndProject
Project("{FAE04EC0-301F-11D3-BF4B-00C04F79EFBC}") = "UnoNavigationView_POC.UWP", "UnoNavigationView_POC\UnoNavigationView_POC.UWP\UnoNavigationView_POC.UWP.csproj", "{2A20D366-9173-44DD-B0DC-D7AD560B7929}"
EndProject
Project("{9A19103F-16F7-4668-BE54-9A1E7A4F7556}") = "UnoNavigationView_POC.Wasm", "UnoNavigationView_POC\UnoNavigationView_POC.Wasm\UnoNavigationView_POC.Wasm.csproj", "{B13D1693-0B37-4C01-9C24-F2995BBA0A45}"
EndProject
Global
	GlobalSection(SharedMSBuildProjectFiles) = preSolution
		UnoNavigationView_POC\UnoNavigationView_POC.Shared\UnoNavigationView_POC.Shared.projitems*{1282b23e-c2f1-4654-a849-cb427839bc2b}*SharedItemsImports = 4
		UnoNavigationView_POC\UnoNavigationView_POC.Shared\UnoNavigationView_POC.Shared.projitems*{2a20d366-9173-44dd-b0dc-d7ad560b7929}*SharedItemsImports = 4
		UnoNavigationView_POC\UnoNavigationView_POC.Shared\UnoNavigationView_POC.Shared.projitems*{35da9fdf-1e2f-4fef-8c0c-ea41ec070a7a}*SharedItemsImports = 4
		UnoNavigationView_POC\UnoNavigationView_POC.Shared\UnoNavigationView_POC.Shared.projitems*{6279c845-92f8-4333-ab99-3d213163593c}*SharedItemsImports = 13
	EndGlobalSection
	GlobalSection(SolutionConfigurationPlatforms) = preSolution
		Ad-Hoc|Any CPU = Ad-Hoc|Any CPU
		Ad-Hoc|ARM = Ad-Hoc|ARM
		Ad-Hoc|iPhone = Ad-Hoc|iPhone
		Ad-Hoc|iPhoneSimulator = Ad-Hoc|iPhoneSimulator
		Ad-Hoc|x64 = Ad-Hoc|x64
		Ad-Hoc|x86 = Ad-Hoc|x86
		AppStore|Any CPU = AppStore|Any CPU
		AppStore|ARM = AppStore|ARM
		AppStore|iPhone = AppStore|iPhone
		AppStore|iPhoneSimulator = AppStore|iPhoneSimulator
		AppStore|x64 = AppStore|x64
		AppStore|x86 = AppStore|x86
		Debug|Any CPU = Debug|Any CPU
		Debug|ARM = Debug|ARM
		Debug|iPhone = Debug|iPhone
		Debug|iPhoneSimulator = Debug|iPhoneSimulator
		Debug|x64 = Debug|x64
		Debug|x86 = Debug|x86
		Release|Any CPU = Release|Any CPU
		Release|ARM = Release|ARM
		Release|iPhone = Release|iPhone
		Release|iPhoneSimulator = Release|iPhoneSimulator
		Release|x64 = Release|x64
		Release|x86 = Release|x86
	EndGlobalSection
	GlobalSection(ProjectConfigurationPlatforms) = postSolution
		{1282B23E-C2F1-4654-A849-CB427839BC2B}.Ad-Hoc|Any CPU.ActiveCfg = Release|Any CPU
		{1282B23E-C2F1-4654-A849-CB427839BC2B}.Ad-Hoc|Any CPU.Build.0 = Release|Any CPU
		{1282B23E-C2F1-4654-A849-CB427839BC2B}.Ad-Hoc|Any CPU.Deploy.0 = Release|Any CPU
		{1282B23E-C2F1-4654-A849-CB427839BC2B}.Ad-Hoc|ARM.ActiveCfg = Release|Any CPU
		{1282B23E-C2F1-4654-A849-CB427839BC2B}.Ad-Hoc|ARM.Build.0 = Release|Any CPU
		{1282B23E-C2F1-4654-A849-CB427839BC2B}.Ad-Hoc|ARM.Deploy.0 = Release|Any CPU
		{1282B23E-C2F1-4654-A849-CB427839BC2B}.Ad-Hoc|iPhone.ActiveCfg = Release|Any CPU
		{1282B23E-C2F1-4654-A849-CB427839BC2B}.Ad-Hoc|iPhone.Build.0 = Release|Any CPU
		{1282B23E-C2F1-4654-A849-CB427839BC2B}.Ad-Hoc|iPhone.Deploy.0 = Release|Any CPU
		{1282B23E-C2F1-4654-A849-CB427839BC2B}.Ad-Hoc|iPhoneSimulator.ActiveCfg = Release|Any CPU
		{1282B23E-C2F1-4654-A849-CB427839BC2B}.Ad-Hoc|iPhoneSimulator.Build.0 = Release|Any CPU
		{1282B23E-C2F1-4654-A849-CB427839BC2B}.Ad-Hoc|iPhoneSimulator.Deploy.0 = Release|Any CPU
		{1282B23E-C2F1-4654-A849-CB427839BC2B}.Ad-Hoc|x64.ActiveCfg = Release|Any CPU
		{1282B23E-C2F1-4654-A849-CB427839BC2B}.Ad-Hoc|x64.Build.0 = Release|Any CPU
		{1282B23E-C2F1-4654-A849-CB427839BC2B}.Ad-Hoc|x64.Deploy.0 = Release|Any CPU
		{1282B23E-C2F1-4654-A849-CB427839BC2B}.Ad-Hoc|x86.ActiveCfg = Release|Any CPU
		{1282B23E-C2F1-4654-A849-CB427839BC2B}.Ad-Hoc|x86.Build.0 = Release|Any CPU
		{1282B23E-C2F1-4654-A849-CB427839BC2B}.Ad-Hoc|x86.Deploy.0 = Release|Any CPU
		{1282B23E-C2F1-4654-A849-CB427839BC2B}.AppStore|Any CPU.ActiveCfg = Release|Any CPU
		{1282B23E-C2F1-4654-A849-CB427839BC2B}.AppStore|Any CPU.Build.0 = Release|Any CPU
		{1282B23E-C2F1-4654-A849-CB427839BC2B}.AppStore|Any CPU.Deploy.0 = Release|Any CPU
		{1282B23E-C2F1-4654-A849-CB427839BC2B}.AppStore|ARM.ActiveCfg = Release|Any CPU
		{1282B23E-C2F1-4654-A849-CB427839BC2B}.AppStore|ARM.Build.0 = Release|Any CPU
		{1282B23E-C2F1-4654-A849-CB427839BC2B}.AppStore|ARM.Deploy.0 = Release|Any CPU
		{1282B23E-C2F1-4654-A849-CB427839BC2B}.AppStore|iPhone.ActiveCfg = Release|Any CPU
		{1282B23E-C2F1-4654-A849-CB427839BC2B}.AppStore|iPhone.Build.0 = Release|Any CPU
		{1282B23E-C2F1-4654-A849-CB427839BC2B}.AppStore|iPhone.Deploy.0 = Release|Any CPU
		{1282B23E-C2F1-4654-A849-CB427839BC2B}.AppStore|iPhoneSimulator.ActiveCfg = Release|Any CPU
		{1282B23E-C2F1-4654-A849-CB427839BC2B}.AppStore|iPhoneSimulator.Build.0 = Release|Any CPU
		{1282B23E-C2F1-4654-A849-CB427839BC2B}.AppStore|iPhoneSimulator.Deploy.0 = Release|Any CPU
		{1282B23E-C2F1-4654-A849-CB427839BC2B}.AppStore|x64.ActiveCfg = Release|Any CPU
		{1282B23E-C2F1-4654-A849-CB427839BC2B}.AppStore|x64.Build.0 = Release|Any CPU
		{1282B23E-C2F1-4654-A849-CB427839BC2B}.AppStore|x64.Deploy.0 = Release|Any CPU
		{1282B23E-C2F1-4654-A849-CB427839BC2B}.AppStore|x86.ActiveCfg = Release|Any CPU
		{1282B23E-C2F1-4654-A849-CB427839BC2B}.AppStore|x86.Build.0 = Release|Any CPU
		{1282B23E-C2F1-4654-A849-CB427839BC2B}.AppStore|x86.Deploy.0 = Release|Any CPU
		{1282B23E-C2F1-4654-A849-CB427839BC2B}.Debug|Any CPU.ActiveCfg = Debug|Any CPU
		{1282B23E-C2F1-4654-A849-CB427839BC2B}.Debug|Any CPU.Build.0 = Debug|Any CPU
		{1282B23E-C2F1-4654-A849-CB427839BC2B}.Debug|Any CPU.Deploy.0 = Debug|Any CPU
		{1282B23E-C2F1-4654-A849-CB427839BC2B}.Debug|ARM.ActiveCfg = Debug|Any CPU
		{1282B23E-C2F1-4654-A849-CB427839BC2B}.Debug|ARM.Build.0 = Debug|Any CPU
		{1282B23E-C2F1-4654-A849-CB427839BC2B}.Debug|ARM.Deploy.0 = Debug|Any CPU
		{1282B23E-C2F1-4654-A849-CB427839BC2B}.Debug|iPhone.ActiveCfg = Debug|Any CPU
		{1282B23E-C2F1-4654-A849-CB427839BC2B}.Debug|iPhone.Build.0 = Debug|Any CPU
		{1282B23E-C2F1-4654-A849-CB427839BC2B}.Debug|iPhone.Deploy.0 = Debug|Any CPU
		{1282B23E-C2F1-4654-A849-CB427839BC2B}.Debug|iPhoneSimulator.ActiveCfg = Debug|Any CPU
		{1282B23E-C2F1-4654-A849-CB427839BC2B}.Debug|iPhoneSimulator.Build.0 = Debug|Any CPU
		{1282B23E-C2F1-4654-A849-CB427839BC2B}.Debug|iPhoneSimulator.Deploy.0 = Debug|Any CPU
		{1282B23E-C2F1-4654-A849-CB427839BC2B}.Debug|x64.ActiveCfg = Debug|Any CPU
		{1282B23E-C2F1-4654-A849-CB427839BC2B}.Debug|x64.Build.0 = Debug|Any CPU
		{1282B23E-C2F1-4654-A849-CB427839BC2B}.Debug|x64.Deploy.0 = Debug|Any CPU
		{1282B23E-C2F1-4654-A849-CB427839BC2B}.Debug|x86.ActiveCfg = Debug|Any CPU
		{1282B23E-C2F1-4654-A849-CB427839BC2B}.Debug|x86.Build.0 = Debug|Any CPU
		{1282B23E-C2F1-4654-A849-CB427839BC2B}.Debug|x86.Deploy.0 = Debug|Any CPU
		{1282B23E-C2F1-4654-A849-CB427839BC2B}.Release|Any CPU.ActiveCfg = Release|Any CPU
		{1282B23E-C2F1-4654-A849-CB427839BC2B}.Release|Any CPU.Build.0 = Release|Any CPU
		{1282B23E-C2F1-4654-A849-CB427839BC2B}.Release|Any CPU.Deploy.0 = Release|Any CPU
		{1282B23E-C2F1-4654-A849-CB427839BC2B}.Release|ARM.ActiveCfg = Release|Any CPU
		{1282B23E-C2F1-4654-A849-CB427839BC2B}.Release|ARM.Build.0 = Release|Any CPU
		{1282B23E-C2F1-4654-A849-CB427839BC2B}.Release|ARM.Deploy.0 = Release|Any CPU
		{1282B23E-C2F1-4654-A849-CB427839BC2B}.Release|iPhone.ActiveCfg = Release|Any CPU
		{1282B23E-C2F1-4654-A849-CB427839BC2B}.Release|iPhone.Build.0 = Release|Any CPU
		{1282B23E-C2F1-4654-A849-CB427839BC2B}.Release|iPhone.Deploy.0 = Release|Any CPU
		{1282B23E-C2F1-4654-A849-CB427839BC2B}.Release|iPhoneSimulator.ActiveCfg = Release|Any CPU
		{1282B23E-C2F1-4654-A849-CB427839BC2B}.Release|iPhoneSimulator.Build.0 = Release|Any CPU
		{1282B23E-C2F1-4654-A849-CB427839BC2B}.Release|iPhoneSimulator.Deploy.0 = Release|Any CPU
		{1282B23E-C2F1-4654-A849-CB427839BC2B}.Release|x64.ActiveCfg = Release|Any CPU
		{1282B23E-C2F1-4654-A849-CB427839BC2B}.Release|x64.Build.0 = Release|Any CPU
		{1282B23E-C2F1-4654-A849-CB427839BC2B}.Release|x64.Deploy.0 = Release|Any CPU
		{1282B23E-C2F1-4654-A849-CB427839BC2B}.Release|x86.ActiveCfg = Release|Any CPU
		{1282B23E-C2F1-4654-A849-CB427839BC2B}.Release|x86.Build.0 = Release|Any CPU
		{1282B23E-C2F1-4654-A849-CB427839BC2B}.Release|x86.Deploy.0 = Release|Any CPU
		{35DA9FDF-1E2F-4FEF-8C0C-EA41EC070A7A}.Ad-Hoc|Any CPU.ActiveCfg = Ad-Hoc|iPhone
		{35DA9FDF-1E2F-4FEF-8C0C-EA41EC070A7A}.Ad-Hoc|ARM.ActiveCfg = Ad-Hoc|iPhone
		{35DA9FDF-1E2F-4FEF-8C0C-EA41EC070A7A}.Ad-Hoc|iPhone.ActiveCfg = Ad-Hoc|iPhone
		{35DA9FDF-1E2F-4FEF-8C0C-EA41EC070A7A}.Ad-Hoc|iPhone.Build.0 = Ad-Hoc|iPhone
		{35DA9FDF-1E2F-4FEF-8C0C-EA41EC070A7A}.Ad-Hoc|iPhoneSimulator.ActiveCfg = Ad-Hoc|iPhoneSimulator
		{35DA9FDF-1E2F-4FEF-8C0C-EA41EC070A7A}.Ad-Hoc|iPhoneSimulator.Build.0 = Ad-Hoc|iPhoneSimulator
		{35DA9FDF-1E2F-4FEF-8C0C-EA41EC070A7A}.Ad-Hoc|x64.ActiveCfg = Ad-Hoc|iPhone
		{35DA9FDF-1E2F-4FEF-8C0C-EA41EC070A7A}.Ad-Hoc|x86.ActiveCfg = Ad-Hoc|iPhone
		{35DA9FDF-1E2F-4FEF-8C0C-EA41EC070A7A}.AppStore|Any CPU.ActiveCfg = AppStore|iPhone
		{35DA9FDF-1E2F-4FEF-8C0C-EA41EC070A7A}.AppStore|ARM.ActiveCfg = AppStore|iPhone
		{35DA9FDF-1E2F-4FEF-8C0C-EA41EC070A7A}.AppStore|iPhone.ActiveCfg = AppStore|iPhone
		{35DA9FDF-1E2F-4FEF-8C0C-EA41EC070A7A}.AppStore|iPhone.Build.0 = AppStore|iPhone
		{35DA9FDF-1E2F-4FEF-8C0C-EA41EC070A7A}.AppStore|iPhoneSimulator.ActiveCfg = AppStore|iPhoneSimulator
		{35DA9FDF-1E2F-4FEF-8C0C-EA41EC070A7A}.AppStore|iPhoneSimulator.Build.0 = AppStore|iPhoneSimulator
		{35DA9FDF-1E2F-4FEF-8C0C-EA41EC070A7A}.AppStore|x64.ActiveCfg = AppStore|iPhone
		{35DA9FDF-1E2F-4FEF-8C0C-EA41EC070A7A}.AppStore|x86.ActiveCfg = AppStore|iPhone
		{35DA9FDF-1E2F-4FEF-8C0C-EA41EC070A7A}.Debug|Any CPU.ActiveCfg = Debug|iPhone
		{35DA9FDF-1E2F-4FEF-8C0C-EA41EC070A7A}.Debug|ARM.ActiveCfg = Debug|iPhone
		{35DA9FDF-1E2F-4FEF-8C0C-EA41EC070A7A}.Debug|iPhone.ActiveCfg = Debug|iPhone
		{35DA9FDF-1E2F-4FEF-8C0C-EA41EC070A7A}.Debug|iPhone.Build.0 = Debug|iPhone
		{35DA9FDF-1E2F-4FEF-8C0C-EA41EC070A7A}.Debug|iPhoneSimulator.ActiveCfg = Debug|iPhoneSimulator
		{35DA9FDF-1E2F-4FEF-8C0C-EA41EC070A7A}.Debug|iPhoneSimulator.Build.0 = Debug|iPhoneSimulator
		{35DA9FDF-1E2F-4FEF-8C0C-EA41EC070A7A}.Debug|x64.ActiveCfg = Debug|iPhone
		{35DA9FDF-1E2F-4FEF-8C0C-EA41EC070A7A}.Debug|x86.ActiveCfg = Debug|iPhone
		{35DA9FDF-1E2F-4FEF-8C0C-EA41EC070A7A}.Release|Any CPU.ActiveCfg = Release|iPhone
		{35DA9FDF-1E2F-4FEF-8C0C-EA41EC070A7A}.Release|ARM.ActiveCfg = Release|iPhone
		{35DA9FDF-1E2F-4FEF-8C0C-EA41EC070A7A}.Release|iPhone.ActiveCfg = Release|iPhone
		{35DA9FDF-1E2F-4FEF-8C0C-EA41EC070A7A}.Release|iPhone.Build.0 = Release|iPhone
		{35DA9FDF-1E2F-4FEF-8C0C-EA41EC070A7A}.Release|iPhoneSimulator.ActiveCfg = Release|iPhoneSimulator
		{35DA9FDF-1E2F-4FEF-8C0C-EA41EC070A7A}.Release|iPhoneSimulator.Build.0 = Release|iPhoneSimulator
		{35DA9FDF-1E2F-4FEF-8C0C-EA41EC070A7A}.Release|x64.ActiveCfg = Release|iPhone
		{35DA9FDF-1E2F-4FEF-8C0C-EA41EC070A7A}.Release|x86.ActiveCfg = Release|iPhone
		{2A20D366-9173-44DD-B0DC-D7AD560B7929}.Ad-Hoc|Any CPU.ActiveCfg = Release|x64
		{2A20D366-9173-44DD-B0DC-D7AD560B7929}.Ad-Hoc|Any CPU.Build.0 = Release|x64
		{2A20D366-9173-44DD-B0DC-D7AD560B7929}.Ad-Hoc|Any CPU.Deploy.0 = Release|x64
		{2A20D366-9173-44DD-B0DC-D7AD560B7929}.Ad-Hoc|ARM.ActiveCfg = Release|ARM
		{2A20D366-9173-44DD-B0DC-D7AD560B7929}.Ad-Hoc|ARM.Build.0 = Release|ARM
		{2A20D366-9173-44DD-B0DC-D7AD560B7929}.Ad-Hoc|ARM.Deploy.0 = Release|ARM
		{2A20D366-9173-44DD-B0DC-D7AD560B7929}.Ad-Hoc|iPhone.ActiveCfg = Release|x64
		{2A20D366-9173-44DD-B0DC-D7AD560B7929}.Ad-Hoc|iPhone.Build.0 = Release|x64
		{2A20D366-9173-44DD-B0DC-D7AD560B7929}.Ad-Hoc|iPhone.Deploy.0 = Release|x64
		{2A20D366-9173-44DD-B0DC-D7AD560B7929}.Ad-Hoc|iPhoneSimulator.ActiveCfg = Release|x64
		{2A20D366-9173-44DD-B0DC-D7AD560B7929}.Ad-Hoc|iPhoneSimulator.Build.0 = Release|x64
		{2A20D366-9173-44DD-B0DC-D7AD560B7929}.Ad-Hoc|iPhoneSimulator.Deploy.0 = Release|x64
		{2A20D366-9173-44DD-B0DC-D7AD560B7929}.Ad-Hoc|x64.ActiveCfg = Release|x64
		{2A20D366-9173-44DD-B0DC-D7AD560B7929}.Ad-Hoc|x64.Build.0 = Release|x64
		{2A20D366-9173-44DD-B0DC-D7AD560B7929}.Ad-Hoc|x64.Deploy.0 = Release|x64
		{2A20D366-9173-44DD-B0DC-D7AD560B7929}.Ad-Hoc|x86.ActiveCfg = Release|x86
		{2A20D366-9173-44DD-B0DC-D7AD560B7929}.Ad-Hoc|x86.Build.0 = Release|x86
		{2A20D366-9173-44DD-B0DC-D7AD560B7929}.Ad-Hoc|x86.Deploy.0 = Release|x86
		{2A20D366-9173-44DD-B0DC-D7AD560B7929}.AppStore|Any CPU.ActiveCfg = Release|x64
		{2A20D366-9173-44DD-B0DC-D7AD560B7929}.AppStore|Any CPU.Build.0 = Release|x64
		{2A20D366-9173-44DD-B0DC-D7AD560B7929}.AppStore|Any CPU.Deploy.0 = Release|x64
		{2A20D366-9173-44DD-B0DC-D7AD560B7929}.AppStore|ARM.ActiveCfg = Release|ARM
		{2A20D366-9173-44DD-B0DC-D7AD560B7929}.AppStore|ARM.Build.0 = Release|ARM
		{2A20D366-9173-44DD-B0DC-D7AD560B7929}.AppStore|ARM.Deploy.0 = Release|ARM
		{2A20D366-9173-44DD-B0DC-D7AD560B7929}.AppStore|iPhone.ActiveCfg = Release|x64
		{2A20D366-9173-44DD-B0DC-D7AD560B7929}.AppStore|iPhone.Build.0 = Release|x64
		{2A20D366-9173-44DD-B0DC-D7AD560B7929}.AppStore|iPhone.Deploy.0 = Release|x64
		{2A20D366-9173-44DD-B0DC-D7AD560B7929}.AppStore|iPhoneSimulator.ActiveCfg = Release|x64
		{2A20D366-9173-44DD-B0DC-D7AD560B7929}.AppStore|iPhoneSimulator.Build.0 = Release|x64
		{2A20D366-9173-44DD-B0DC-D7AD560B7929}.AppStore|iPhoneSimulator.Deploy.0 = Release|x64
		{2A20D366-9173-44DD-B0DC-D7AD560B7929}.AppStore|x64.ActiveCfg = Release|x64
		{2A20D366-9173-44DD-B0DC-D7AD560B7929}.AppStore|x64.Build.0 = Release|x64
		{2A20D366-9173-44DD-B0DC-D7AD560B7929}.AppStore|x64.Deploy.0 = Release|x64
		{2A20D366-9173-44DD-B0DC-D7AD560B7929}.AppStore|x86.ActiveCfg = Release|x86
		{2A20D366-9173-44DD-B0DC-D7AD560B7929}.AppStore|x86.Build.0 = Release|x86
		{2A20D366-9173-44DD-B0DC-D7AD560B7929}.AppStore|x86.Deploy.0 = Release|x86
		{2A20D366-9173-44DD-B0DC-D7AD560B7929}.Debug|Any CPU.ActiveCfg = Debug|x86
		{2A20D366-9173-44DD-B0DC-D7AD560B7929}.Debug|ARM.ActiveCfg = Debug|ARM
		{2A20D366-9173-44DD-B0DC-D7AD560B7929}.Debug|ARM.Build.0 = Debug|ARM
		{2A20D366-9173-44DD-B0DC-D7AD560B7929}.Debug|ARM.Deploy.0 = Debug|ARM
		{2A20D366-9173-44DD-B0DC-D7AD560B7929}.Debug|iPhone.ActiveCfg = Debug|x86
		{2A20D366-9173-44DD-B0DC-D7AD560B7929}.Debug|iPhoneSimulator.ActiveCfg = Debug|x86
		{2A20D366-9173-44DD-B0DC-D7AD560B7929}.Debug|x64.ActiveCfg = Debug|x64
		{2A20D366-9173-44DD-B0DC-D7AD560B7929}.Debug|x64.Build.0 = Debug|x64
		{2A20D366-9173-44DD-B0DC-D7AD560B7929}.Debug|x64.Deploy.0 = Debug|x64
		{2A20D366-9173-44DD-B0DC-D7AD560B7929}.Debug|x86.ActiveCfg = Debug|x86
		{2A20D366-9173-44DD-B0DC-D7AD560B7929}.Debug|x86.Build.0 = Debug|x86
		{2A20D366-9173-44DD-B0DC-D7AD560B7929}.Debug|x86.Deploy.0 = Debug|x86
		{2A20D366-9173-44DD-B0DC-D7AD560B7929}.Release|Any CPU.ActiveCfg = Release|x86
		{2A20D366-9173-44DD-B0DC-D7AD560B7929}.Release|ARM.ActiveCfg = Release|ARM
		{2A20D366-9173-44DD-B0DC-D7AD560B7929}.Release|ARM.Build.0 = Release|ARM
		{2A20D366-9173-44DD-B0DC-D7AD560B7929}.Release|ARM.Deploy.0 = Release|ARM
		{2A20D366-9173-44DD-B0DC-D7AD560B7929}.Release|iPhone.ActiveCfg = Release|x86
		{2A20D366-9173-44DD-B0DC-D7AD560B7929}.Release|iPhoneSimulator.ActiveCfg = Release|x86
		{2A20D366-9173-44DD-B0DC-D7AD560B7929}.Release|x64.ActiveCfg = Release|x64
		{2A20D366-9173-44DD-B0DC-D7AD560B7929}.Release|x64.Build.0 = Release|x64
		{2A20D366-9173-44DD-B0DC-D7AD560B7929}.Release|x64.Deploy.0 = Release|x64
		{2A20D366-9173-44DD-B0DC-D7AD560B7929}.Release|x86.ActiveCfg = Release|x86
		{2A20D366-9173-44DD-B0DC-D7AD560B7929}.Release|x86.Build.0 = Release|x86
		{2A20D366-9173-44DD-B0DC-D7AD560B7929}.Release|x86.Deploy.0 = Release|x86
		{B13D1693-0B37-4C01-9C24-F2995BBA0A45}.Ad-Hoc|Any CPU.ActiveCfg = Debug|Any CPU
		{B13D1693-0B37-4C01-9C24-F2995BBA0A45}.Ad-Hoc|Any CPU.Build.0 = Debug|Any CPU
		{B13D1693-0B37-4C01-9C24-F2995BBA0A45}.Ad-Hoc|ARM.ActiveCfg = Debug|Any CPU
		{B13D1693-0B37-4C01-9C24-F2995BBA0A45}.Ad-Hoc|ARM.Build.0 = Debug|Any CPU
		{B13D1693-0B37-4C01-9C24-F2995BBA0A45}.Ad-Hoc|iPhone.ActiveCfg = Debug|Any CPU
		{B13D1693-0B37-4C01-9C24-F2995BBA0A45}.Ad-Hoc|iPhone.Build.0 = Debug|Any CPU
		{B13D1693-0B37-4C01-9C24-F2995BBA0A45}.Ad-Hoc|iPhoneSimulator.ActiveCfg = Debug|Any CPU
		{B13D1693-0B37-4C01-9C24-F2995BBA0A45}.Ad-Hoc|iPhoneSimulator.Build.0 = Debug|Any CPU
		{B13D1693-0B37-4C01-9C24-F2995BBA0A45}.Ad-Hoc|x64.ActiveCfg = Debug|Any CPU
		{B13D1693-0B37-4C01-9C24-F2995BBA0A45}.Ad-Hoc|x64.Build.0 = Debug|Any CPU
		{B13D1693-0B37-4C01-9C24-F2995BBA0A45}.Ad-Hoc|x86.ActiveCfg = Debug|Any CPU
		{B13D1693-0B37-4C01-9C24-F2995BBA0A45}.Ad-Hoc|x86.Build.0 = Debug|Any CPU
		{B13D1693-0B37-4C01-9C24-F2995BBA0A45}.AppStore|Any CPU.ActiveCfg = Debug|Any CPU
		{B13D1693-0B37-4C01-9C24-F2995BBA0A45}.AppStore|Any CPU.Build.0 = Debug|Any CPU
		{B13D1693-0B37-4C01-9C24-F2995BBA0A45}.AppStore|ARM.ActiveCfg = Debug|Any CPU
		{B13D1693-0B37-4C01-9C24-F2995BBA0A45}.AppStore|ARM.Build.0 = Debug|Any CPU
		{B13D1693-0B37-4C01-9C24-F2995BBA0A45}.AppStore|iPhone.ActiveCfg = Debug|Any CPU
		{B13D1693-0B37-4C01-9C24-F2995BBA0A45}.AppStore|iPhone.Build.0 = Debug|Any CPU
		{B13D1693-0B37-4C01-9C24-F2995BBA0A45}.AppStore|iPhoneSimulator.ActiveCfg = Debug|Any CPU
		{B13D1693-0B37-4C01-9C24-F2995BBA0A45}.AppStore|iPhoneSimulator.Build.0 = Debug|Any CPU
		{B13D1693-0B37-4C01-9C24-F2995BBA0A45}.AppStore|x64.ActiveCfg = Debug|Any CPU
		{B13D1693-0B37-4C01-9C24-F2995BBA0A45}.AppStore|x64.Build.0 = Debug|Any CPU
		{B13D1693-0B37-4C01-9C24-F2995BBA0A45}.AppStore|x86.ActiveCfg = Debug|Any CPU
		{B13D1693-0B37-4C01-9C24-F2995BBA0A45}.AppStore|x86.Build.0 = Debug|Any CPU
		{B13D1693-0B37-4C01-9C24-F2995BBA0A45}.Debug|Any CPU.ActiveCfg = Debug|Any CPU
		{B13D1693-0B37-4C01-9C24-F2995BBA0A45}.Debug|Any CPU.Build.0 = Debug|Any CPU
		{B13D1693-0B37-4C01-9C24-F2995BBA0A45}.Debug|ARM.ActiveCfg = Debug|Any CPU
		{B13D1693-0B37-4C01-9C24-F2995BBA0A45}.Debug|ARM.Build.0 = Debug|Any CPU
		{B13D1693-0B37-4C01-9C24-F2995BBA0A45}.Debug|iPhone.ActiveCfg = Debug|Any CPU
		{B13D1693-0B37-4C01-9C24-F2995BBA0A45}.Debug|iPhone.Build.0 = Debug|Any CPU
		{B13D1693-0B37-4C01-9C24-F2995BBA0A45}.Debug|iPhoneSimulator.ActiveCfg = Debug|Any CPU
		{B13D1693-0B37-4C01-9C24-F2995BBA0A45}.Debug|iPhoneSimulator.Build.0 = Debug|Any CPU
		{B13D1693-0B37-4C01-9C24-F2995BBA0A45}.Debug|x64.ActiveCfg = Debug|Any CPU
		{B13D1693-0B37-4C01-9C24-F2995BBA0A45}.Debug|x64.Build.0 = Debug|Any CPU
		{B13D1693-0B37-4C01-9C24-F2995BBA0A45}.Debug|x86.ActiveCfg = Debug|Any CPU
		{B13D1693-0B37-4C01-9C24-F2995BBA0A45}.Debug|x86.Build.0 = Debug|Any CPU
		{B13D1693-0B37-4C01-9C24-F2995BBA0A45}.Release|Any CPU.ActiveCfg = Release|Any CPU
		{B13D1693-0B37-4C01-9C24-F2995BBA0A45}.Release|Any CPU.Build.0 = Release|Any CPU
		{B13D1693-0B37-4C01-9C24-F2995BBA0A45}.Release|ARM.ActiveCfg = Release|Any CPU
		{B13D1693-0B37-4C01-9C24-F2995BBA0A45}.Release|ARM.Build.0 = Release|Any CPU
		{B13D1693-0B37-4C01-9C24-F2995BBA0A45}.Release|iPhone.ActiveCfg = Release|Any CPU
		{B13D1693-0B37-4C01-9C24-F2995BBA0A45}.Release|iPhone.Build.0 = Release|Any CPU
		{B13D1693-0B37-4C01-9C24-F2995BBA0A45}.Release|iPhoneSimulator.ActiveCfg = Release|Any CPU
		{B13D1693-0B37-4C01-9C24-F2995BBA0A45}.Release|iPhoneSimulator.Build.0 = Release|Any CPU
		{B13D1693-0B37-4C01-9C24-F2995BBA0A45}.Release|x64.ActiveCfg = Release|Any CPU
		{B13D1693-0B37-4C01-9C24-F2995BBA0A45}.Release|x64.Build.0 = Release|Any CPU
		{B13D1693-0B37-4C01-9C24-F2995BBA0A45}.Release|x86.ActiveCfg = Release|Any CPU
		{B13D1693-0B37-4C01-9C24-F2995BBA0A45}.Release|x86.Build.0 = Release|Any CPU
	EndGlobalSection
	GlobalSection(SolutionProperties) = preSolution
		HideSolutionNode = FALSE
	EndGlobalSection
	GlobalSection(ExtensibilityGlobals) = postSolution
		SolutionGuid = {307FDD93-94C7-44D5-AD49-71198C4BC349}
	EndGlobalSection
EndGlobal
